
Microsoft Visual Studio Solution File, Format Version 12.00
# Visual Studio Version 17
VisualStudioVersion = 17.11.35312.102
MinimumVisualStudioVersion = 10.0.40219.1
Project("{FAE04EC0-301F-11D3-BF4B-00C04F79EFBC}") = "SignalRApp", "SignalRApp.csproj", "{DD821FA0-C032-4FC7-9D63-EB3A612D6668}"
EndProject
Global
	GlobalSection(SolutionConfigurationPlatforms) = preSolution
		Debug|Any CPU = Debug|Any CPU
		Release|Any CPU = Release|Any CPU
	EndGlobalSection
	GlobalSection(ProjectConfigurationPlatforms) = postSolution
		{DD821FA0-C032-4FC7-9D63-EB3A612D6668}.Debug|Any CPU.ActiveCfg = Debug|Any CPU
		{DD821FA0-C032-4FC7-9D63-EB3A612D6668}.Debug|Any CPU.Build.0 = Debug|Any CPU
		{DD821FA0-C032-4FC7-9D63-EB3A612D6668}.Release|Any CPU.ActiveCfg = Release|Any CPU
		{DD821FA0-C032-4FC7-9D63-EB3A612D6668}.Release|Any CPU.Build.0 = Release|Any CPU
	EndGlobalSection
	GlobalSection(SolutionProperties) = preSolution
		HideSolutionNode = FALSE
	EndGlobalSection
	GlobalSection(ExtensibilityGlobals) = postSolution
		SolutionGuid = {AF71D8A7-2C5D-403A-9290-590037B465FA}
	EndGlobalSection
EndGlobal
